
Microsoft Visual Studio Solution File, Format Version 12.00
# Visual Studio Version 18
VisualStudioVersion = 18.2.11415.280
MinimumVisualStudioVersion = 10.0.40219.1
Project("{9A19103F-16F7-4668-BE54-9A1E7A4F7556}") = "Agibuild.Fulora.Core", "src\Agibuild.Fulora.Core\Agibuild.Fulora.Core.csproj", "{22334029-B509-4A8B-B005-8B74981FF707}"
EndProject
Project("{9A19103F-16F7-4668-BE54-9A1E7A4F7556}") = "Agibuild.Fulora.Adapters.Abstractions", "src\Agibuild.Fulora.Adapters.Abstractions\Agibuild.Fulora.Adapters.Abstractions.csproj", "{2A0C8A60-16E3-4652-9507-B7335BB3531B}"
EndProject
Project("{9A19103F-16F7-4668-BE54-9A1E7A4F7556}") = "Agibuild.Fulora.Adapters.Windows", "src\Agibuild.Fulora.Adapters.Windows\Agibuild.Fulora.Adapters.Windows.csproj", "{BD2070C6-6268-4D1F-97DC-E66FC2672422}"
EndProject
Project("{9A19103F-16F7-4668-BE54-9A1E7A4F7556}") = "Agibuild.Fulora.Adapters.MacOS", "src\Agibuild.Fulora.Adapters.MacOS\Agibuild.Fulora.Adapters.MacOS.csproj", "{243860EA-904C-40C3-BE4F-90232B7B7F5D}"
EndProject
Project("{9A19103F-16F7-4668-BE54-9A1E7A4F7556}") = "Agibuild.Fulora.Adapters.Android", "src\Agibuild.Fulora.Adapters.Android\Agibuild.Fulora.Adapters.Android.csproj", "{8E2B6BDE-C585-4942-AA52-9C680043AB44}"
EndProject
Project("{9A19103F-16F7-4668-BE54-9A1E7A4F7556}") = "Agibuild.Fulora.Adapters.Gtk", "src\Agibuild.Fulora.Adapters.Gtk\Agibuild.Fulora.Adapters.Gtk.csproj", "{8D4BB0AB-3B23-48AD-A226-3944DB2CD893}"
EndProject
Project("{9A19103F-16F7-4668-BE54-9A1E7A4F7556}") = "Agibuild.Fulora.DependencyInjection", "src\Agibuild.Fulora.DependencyInjection\Agibuild.Fulora.DependencyInjection.csproj", "{ED758D6F-99ED-4FB0-B75E-B27C1F370EAC}"
EndProject
Project("{9A19103F-16F7-4668-BE54-9A1E7A4F7556}") = "Agibuild.Fulora.Testing", "tests\Agibuild.Fulora.Testing\Agibuild.Fulora.Testing.csproj", "{FBF4A619-A096-4FCD-909F-E13FDFC9363F}"
EndProject
Project("{9A19103F-16F7-4668-BE54-9A1E7A4F7556}") = "Agibuild.Fulora.Integration.Tests.Automation", "tests\Agibuild.Fulora.Integration.Tests.Automation\Agibuild.Fulora.Integration.Tests.Automation.csproj", "{E5DC3187-6409-48B4-A323-0E6D4A9DF203}"
EndProject
Project("{2150E333-8FDC-42A3-9474-1A3956D46DE8}") = "tests", "tests", "{29533BD3-81D4-4131-A1F2-9F382B7F1C07}"
EndProject
Project("{FAE04EC0-301F-11D3-BF4B-00C04F79EFBC}") = "Agibuild.Fulora.Integration.Tests", "tests\Agibuild.Fulora.Integration.Tests\Agibuild.Fulora.Integration.Tests\Agibuild.Fulora.Integration.Tests.csproj", "{0A80EF3B-E2C6-4285-B2BA-5777DE79B7D0}"
EndProject
Project("{FAE04EC0-301F-11D3-BF4B-00C04F79EFBC}") = "Agibuild.Fulora.Integration.Tests.Android", "tests\Agibuild.Fulora.Integration.Tests\Agibuild.Fulora.Integration.Tests.Android\Agibuild.Fulora.Integration.Tests.Android.csproj", "{159DC060-6483-4F40-A0E9-D0A0F497530F}"
EndProject
Project("{FAE04EC0-301F-11D3-BF4B-00C04F79EFBC}") = "Agibuild.Fulora.Integration.Tests.Desktop", "tests\Agibuild.Fulora.Integration.Tests\Agibuild.Fulora.Integration.Tests.Desktop\Agibuild.Fulora.Integration.Tests.Desktop.csproj", "{B6F3AD4C-4844-43F4-A8FF-F65608AE28DE}"
EndProject
Project("{FAE04EC0-301F-11D3-BF4B-00C04F79EFBC}") = "Agibuild.Fulora.Integration.Tests.iOS", "tests\Agibuild.Fulora.Integration.Tests\Agibuild.Fulora.Integration.Tests.iOS\Agibuild.Fulora.Integration.Tests.iOS.csproj", "{605E8BC9-8778-4D27-AA9D-5AEA02843DD7}"
EndProject
Project("{FAE04EC0-301F-11D3-BF4B-00C04F79EFBC}") = "Agibuild.Fulora.Integration.Tests.Browser", "tests\Agibuild.Fulora.Integration.Tests\Agibuild.Fulora.Integration.Tests.Browser\Agibuild.Fulora.Integration.Tests.Browser.csproj", "{951450EF-93E8-4551-AECF-C5F70049DDDA}"
EndProject
Project("{FAE04EC0-301F-11D3-BF4B-00C04F79EFBC}") = "Agibuild.Fulora.UnitTests", "tests\Agibuild.Fulora.UnitTests\Agibuild.Fulora.UnitTests.csproj", "{045ADEFC-8151-04AB-84A6-CC8F547D95A8}"
EndProject
Project("{2150E333-8FDC-42A3-9474-1A3956D46DE8}") = "src", "src", "{827E0CD3-B72D-47B6-A68D-7590B98EB39B}"
EndProject
Project("{FAE04EC0-301F-11D3-BF4B-00C04F79EFBC}") = "Agibuild.Fulora.Runtime", "src\Agibuild.Fulora.Runtime\Agibuild.Fulora.Runtime.csproj", "{A66AD6F6-895E-49E8-9909-F0B0B2BDDFFC}"
EndProject
Project("{FAE04EC0-301F-11D3-BF4B-00C04F79EFBC}") = "Agibuild.Fulora.Avalonia", "src\Agibuild.Fulora.Avalonia\Agibuild.Fulora.Avalonia.csproj", "{6C4EC49C-CE6E-44E7-8ACF-8A36EB246C96}"
EndProject
Project("{FAE04EC0-301F-11D3-BF4B-00C04F79EFBC}") = "Agibuild.Fulora.Adapters.iOS", "src\Agibuild.Fulora.Adapters.iOS\Agibuild.Fulora.Adapters.iOS.csproj", "{D160712D-707E-4FFC-8AA5-A7E261BE19B3}"
EndProject
Project("{FAE04EC0-301F-11D3-BF4B-00C04F79EFBC}") = "Agibuild.Fulora.Bridge.Generator", "src\Agibuild.Fulora.Bridge.Generator\Agibuild.Fulora.Bridge.Generator.csproj", "{AC3040CE-E279-46CC-AC9F-D78250FCE641}"
EndProject
Project("{2150E333-8FDC-42A3-9474-1A3956D46DE8}") = "benchmarks", "benchmarks", "{66320409-64EC-F7C5-3DEF-65E7510DAAD1}"
EndProject
Project("{FAE04EC0-301F-11D3-BF4B-00C04F79EFBC}") = "Agibuild.Fulora.Benchmarks", "benchmarks\Agibuild.Fulora.Benchmarks\Agibuild.Fulora.Benchmarks.csproj", "{174EC413-AB3B-4750-A183-2F54C77939E3}"
EndProject
Project("{FAE04EC0-301F-11D3-BF4B-00C04F79EFBC}") = "Agibuild.Fulora.Cli", "src\Agibuild.Fulora.Cli\Agibuild.Fulora.Cli.csproj", "{66332D1E-A0AB-4D86-803C-4056F53056E8}"
EndProject
Project("{FAE04EC0-301F-11D3-BF4B-00C04F79EFBC}") = "Agibuild.Fulora.Telemetry.OpenTelemetry", "src\Agibuild.Fulora.Telemetry.OpenTelemetry\Agibuild.Fulora.Telemetry.OpenTelemetry.csproj", "{9DF354BC-855B-46EA-A5B1-2D66A3FDE9E0}"
EndProject
Project("{FAE04EC0-301F-11D3-BF4B-00C04F79EFBC}") = "Agibuild.Fulora.Telemetry.OpenTelemetry.Tests", "tests\Agibuild.Fulora.Telemetry.OpenTelemetry.Tests\Agibuild.Fulora.Telemetry.OpenTelemetry.Tests.csproj", "{FABA5209-FBC9-4001-9902-1B960EEB2EA0}"
EndProject
Project("{2150E333-8FDC-42A3-9474-1A3956D46DE8}") = "plugins", "plugins", "{07D57EEB-2F50-60C4-C011-FE4FA775C9A8}"
EndProject
Project("{FAE04EC0-301F-11D3-BF4B-00C04F79EFBC}") = "Agibuild.Fulora.Plugin.FileSystem", "plugins\Agibuild.Fulora.Plugin.FileSystem\Agibuild.Fulora.Plugin.FileSystem.csproj", "{70941CF0-7248-4F82-9072-5ED521F4ACF6}"
EndProject
Project("{FAE04EC0-301F-11D3-BF4B-00C04F79EFBC}") = "Agibuild.Fulora.Plugin.Notifications", "plugins\Agibuild.Fulora.Plugin.Notifications\Agibuild.Fulora.Plugin.Notifications.csproj", "{CFE2B7D2-7F3A-4EF2-B7D0-DF5BC6A3032B}"
EndProject
Project("{FAE04EC0-301F-11D3-BF4B-00C04F79EFBC}") = "Agibuild.Fulora.Plugin.AuthToken", "plugins\Agibuild.Fulora.Plugin.AuthToken\Agibuild.Fulora.Plugin.AuthToken.csproj", "{A1B2C3D4-E5F6-7890-ABCD-EF1234567890}"
EndProject
Project("{FAE04EC0-301F-11D3-BF4B-00C04F79EFBC}") = "Agibuild.Fulora.Plugin.Biometric", "plugins\Agibuild.Fulora.Plugin.Biometric\Agibuild.Fulora.Plugin.Biometric.csproj", "{545AD54D-003B-4363-9C51-5280DD827050}"
EndProject
Project("{FAE04EC0-301F-11D3-BF4B-00C04F79EFBC}") = "Agibuild.Fulora.Telemetry.Sentry", "src\Agibuild.Fulora.Telemetry.Sentry\Agibuild.Fulora.Telemetry.Sentry.csproj", "{E9E154D2-313E-4FD2-B4AA-FD8657C36A94}"
EndProject
Project("{FAE04EC0-301F-11D3-BF4B-00C04F79EFBC}") = "Agibuild.Fulora.Telemetry.Sentry.Tests", "tests\Agibuild.Fulora.Telemetry.Sentry.Tests\Agibuild.Fulora.Telemetry.Sentry.Tests.csproj", "{51E76FC1-812F-40E7-BE7A-01B539F97E3B}"
EndProject
Project("{FAE04EC0-301F-11D3-BF4B-00C04F79EFBC}") = "Agibuild.Fulora.AI", "src\Agibuild.Fulora.AI\Agibuild.Fulora.AI.csproj", "{5895E1FD-9B47-4170-821C-66AB3DB52C0E}"
EndProject
Global
	GlobalSection(SolutionConfigurationPlatforms) = preSolution
		Debug|Any CPU = Debug|Any CPU
		Debug|x64 = Debug|x64
		Debug|x86 = Debug|x86
		Release|Any CPU = Release|Any CPU
		Release|x64 = Release|x64
		Release|x86 = Release|x86
	EndGlobalSection
	GlobalSection(ProjectConfigurationPlatforms) = postSolution
		{22334029-B509-4A8B-B005-8B74981FF707}.Debug|Any CPU.ActiveCfg = Debug|Any CPU
		{22334029-B509-4A8B-B005-8B74981FF707}.Debug|Any CPU.Build.0 = Debug|Any CPU
		{22334029-B509-4A8B-B005-8B74981FF707}.Debug|x64.ActiveCfg = Debug|Any CPU
		{22334029-B509-4A8B-B005-8B74981FF707}.Debug|x64.Build.0 = Debug|Any CPU
		{22334029-B509-4A8B-B005-8B74981FF707}.Debug|x86.ActiveCfg = Debug|Any CPU
		{22334029-B509-4A8B-B005-8B74981FF707}.Debug|x86.Build.0 = Debug|Any CPU
		{22334029-B509-4A8B-B005-8B74981FF707}.Release|Any CPU.ActiveCfg = Release|Any CPU
		{22334029-B509-4A8B-B005-8B74981FF707}.Release|Any CPU.Build.0 = Release|Any CPU
		{22334029-B509-4A8B-B005-8B74981FF707}.Release|x64.ActiveCfg = Release|Any CPU
		{22334029-B509-4A8B-B005-8B74981FF707}.Release|x64.Build.0 = Release|Any CPU
		{22334029-B509-4A8B-B005-8B74981FF707}.Release|x86.ActiveCfg = Release|Any CPU
		{22334029-B509-4A8B-B005-8B74981FF707}.Release|x86.Build.0 = Release|Any CPU
		{2A0C8A60-16E3-4652-9507-B7335BB3531B}.Debug|Any CPU.ActiveCfg = Debug|Any CPU
		{2A0C8A60-16E3-4652-9507-B7335BB3531B}.Debug|Any CPU.Build.0 = Debug|Any CPU
		{2A0C8A60-16E3-4652-9507-B7335BB3531B}.Debug|x64.ActiveCfg = Debug|Any CPU
		{2A0C8A60-16E3-4652-9507-B7335BB3531B}.Debug|x64.Build.0 = Debug|Any CPU
		{2A0C8A60-16E3-4652-9507-B7335BB3531B}.Debug|x86.ActiveCfg = Debug|Any CPU
		{2A0C8A60-16E3-4652-9507-B7335BB3531B}.Debug|x86.Build.0 = Debug|Any CPU
		{2A0C8A60-16E3-4652-9507-B7335BB3531B}.Release|Any CPU.ActiveCfg = Release|Any CPU
		{2A0C8A60-16E3-4652-9507-B7335BB3531B}.Release|Any CPU.Build.0 = Release|Any CPU
		{2A0C8A60-16E3-4652-9507-B7335BB3531B}.Release|x64.ActiveCfg = Release|Any CPU
		{2A0C8A60-16E3-4652-9507-B7335BB3531B}.Release|x64.Build.0 = Release|Any CPU
		{2A0C8A60-16E3-4652-9507-B7335BB3531B}.Release|x86.ActiveCfg = Release|Any CPU
		{2A0C8A60-16E3-4652-9507-B7335BB3531B}.Release|x86.Build.0 = Release|Any CPU
		{BD2070C6-6268-4D1F-97DC-E66FC2672422}.Debug|Any CPU.ActiveCfg = Debug|Any CPU
		{BD2070C6-6268-4D1F-97DC-E66FC2672422}.Debug|Any CPU.Build.0 = Debug|Any CPU
		{BD2070C6-6268-4D1F-97DC-E66FC2672422}.Debug|x64.ActiveCfg = Debug|Any CPU
		{BD2070C6-6268-4D1F-97DC-E66FC2672422}.Debug|x64.Build.0 = Debug|Any CPU
		{BD2070C6-6268-4D1F-97DC-E66FC2672422}.Debug|x86.ActiveCfg = Debug|Any CPU
		{BD2070C6-6268-4D1F-97DC-E66FC2672422}.Debug|x86.Build.0 = Debug|Any CPU
		{BD2070C6-6268-4D1F-97DC-E66FC2672422}.Release|Any CPU.ActiveCfg = Release|Any CPU
		{BD2070C6-6268-4D1F-97DC-E66FC2672422}.Release|Any CPU.Build.0 = Release|Any CPU
		{BD2070C6-6268-4D1F-97DC-E66FC2672422}.Release|x64.ActiveCfg = Release|Any CPU
		{BD2070C6-6268-4D1F-97DC-E66FC2672422}.Release|x64.Build.0 = Release|Any CPU
		{BD2070C6-6268-4D1F-97DC-E66FC2672422}.Release|x86.ActiveCfg = Release|Any CPU
		{BD2070C6-6268-4D1F-97DC-E66FC2672422}.Release|x86.Build.0 = Release|Any CPU
		{243860EA-904C-40C3-BE4F-90232B7B7F5D}.Debug|Any CPU.ActiveCfg = Debug|Any CPU
		{243860EA-904C-40C3-BE4F-90232B7B7F5D}.Debug|Any CPU.Build.0 = Debug|Any CPU
		{243860EA-904C-40C3-BE4F-90232B7B7F5D}.Debug|x64.ActiveCfg = Debug|Any CPU
		{243860EA-904C-40C3-BE4F-90232B7B7F5D}.Debug|x64.Build.0 = Debug|Any CPU
		{243860EA-904C-40C3-BE4F-90232B7B7F5D}.Debug|x86.ActiveCfg = Debug|Any CPU
		{243860EA-904C-40C3-BE4F-90232B7B7F5D}.Debug|x86.Build.0 = Debug|Any CPU
		{243860EA-904C-40C3-BE4F-90232B7B7F5D}.Release|Any CPU.ActiveCfg = Release|Any CPU
		{243860EA-904C-40C3-BE4F-90232B7B7F5D}.Release|Any CPU.Build.0 = Release|Any CPU
		{243860EA-904C-40C3-BE4F-90232B7B7F5D}.Release|x64.ActiveCfg = Release|Any CPU
		{243860EA-904C-40C3-BE4F-90232B7B7F5D}.Release|x64.Build.0 = Release|Any CPU
		{243860EA-904C-40C3-BE4F-90232B7B7F5D}.Release|x86.ActiveCfg = Release|Any CPU
		{243860EA-904C-40C3-BE4F-90232B7B7F5D}.Release|x86.Build.0 = Release|Any CPU
		{8E2B6BDE-C585-4942-AA52-9C680043AB44}.Debug|Any CPU.ActiveCfg = Debug|Any CPU
		{8E2B6BDE-C585-4942-AA52-9C680043AB44}.Debug|Any CPU.Build.0 = Debug|Any CPU
		{8E2B6BDE-C585-4942-AA52-9C680043AB44}.Debug|x64.ActiveCfg = Debug|Any CPU
		{8E2B6BDE-C585-4942-AA52-9C680043AB44}.Debug|x64.Build.0 = Debug|Any CPU
		{8E2B6BDE-C585-4942-AA52-9C680043AB44}.Debug|x86.ActiveCfg = Debug|Any CPU
		{8E2B6BDE-C585-4942-AA52-9C680043AB44}.Debug|x86.Build.0 = Debug|Any CPU
		{8E2B6BDE-C585-4942-AA52-9C680043AB44}.Release|Any CPU.ActiveCfg = Release|Any CPU
		{8E2B6BDE-C585-4942-AA52-9C680043AB44}.Release|Any CPU.Build.0 = Release|Any CPU
		{8E2B6BDE-C585-4942-AA52-9C680043AB44}.Release|x64.ActiveCfg = Release|Any CPU
		{8E2B6BDE-C585-4942-AA52-9C680043AB44}.Release|x64.Build.0 = Release|Any CPU
		{8E2B6BDE-C585-4942-AA52-9C680043AB44}.Release|x86.ActiveCfg = Release|Any CPU
		{8E2B6BDE-C585-4942-AA52-9C680043AB44}.Release|x86.Build.0 = Release|Any CPU
		{8D4BB0AB-3B23-48AD-A226-3944DB2CD893}.Debug|Any CPU.ActiveCfg = Debug|Any CPU
		{8D4BB0AB-3B23-48AD-A226-3944DB2CD893}.Debug|Any CPU.Build.0 = Debug|Any CPU
		{8D4BB0AB-3B23-48AD-A226-3944DB2CD893}.Debug|x64.ActiveCfg = Debug|Any CPU
		{8D4BB0AB-3B23-48AD-A226-3944DB2CD893}.Debug|x64.Build.0 = Debug|Any CPU
		{8D4BB0AB-3B23-48AD-A226-3944DB2CD893}.Debug|x86.ActiveCfg = Debug|Any CPU
		{8D4BB0AB-3B23-48AD-A226-3944DB2CD893}.Debug|x86.Build.0 = Debug|Any CPU
		{8D4BB0AB-3B23-48AD-A226-3944DB2CD893}.Release|Any CPU.ActiveCfg = Release|Any CPU
		{8D4BB0AB-3B23-48AD-A226-3944DB2CD893}.Release|Any CPU.Build.0 = Release|Any CPU
		{8D4BB0AB-3B23-48AD-A226-3944DB2CD893}.Release|x64.ActiveCfg = Release|Any CPU
		{8D4BB0AB-3B23-48AD-A226-3944DB2CD893}.Release|x64.Build.0 = Release|Any CPU
		{8D4BB0AB-3B23-48AD-A226-3944DB2CD893}.Release|x86.ActiveCfg = Release|Any CPU
		{8D4BB0AB-3B23-48AD-A226-3944DB2CD893}.Release|x86.Build.0 = Release|Any CPU
		{ED758D6F-99ED-4FB0-B75E-B27C1F370EAC}.Debug|Any CPU.ActiveCfg = Debug|Any CPU
		{ED758D6F-99ED-4FB0-B75E-B27C1F370EAC}.Debug|Any CPU.Build.0 = Debug|Any CPU
		{ED758D6F-99ED-4FB0-B75E-B27C1F370EAC}.Debug|x64.ActiveCfg = Debug|Any CPU
		{ED758D6F-99ED-4FB0-B75E-B27C1F370EAC}.Debug|x64.Build.0 = Debug|Any CPU
		{ED758D6F-99ED-4FB0-B75E-B27C1F370EAC}.Debug|x86.ActiveCfg = Debug|Any CPU
		{ED758D6F-99ED-4FB0-B75E-B27C1F370EAC}.Debug|x86.Build.0 = Debug|Any CPU
		{ED758D6F-99ED-4FB0-B75E-B27C1F370EAC}.Release|Any CPU.ActiveCfg = Release|Any CPU
		{ED758D6F-99ED-4FB0-B75E-B27C1F370EAC}.Release|Any CPU.Build.0 = Release|Any CPU
		{ED758D6F-99ED-4FB0-B75E-B27C1F370EAC}.Release|x64.ActiveCfg = Release|Any CPU
		{ED758D6F-99ED-4FB0-B75E-B27C1F370EAC}.Release|x64.Build.0 = Release|Any CPU
		{ED758D6F-99ED-4FB0-B75E-B27C1F370EAC}.Release|x86.ActiveCfg = Release|Any CPU
		{ED758D6F-99ED-4FB0-B75E-B27C1F370EAC}.Release|x86.Build.0 = Release|Any CPU
		{FBF4A619-A096-4FCD-909F-E13FDFC9363F}.Debug|Any CPU.ActiveCfg = Debug|Any CPU
		{FBF4A619-A096-4FCD-909F-E13FDFC9363F}.Debug|Any CPU.Build.0 = Debug|Any CPU
		{FBF4A619-A096-4FCD-909F-E13FDFC9363F}.Debug|x64.ActiveCfg = Debug|Any CPU
		{FBF4A619-A096-4FCD-909F-E13FDFC9363F}.Debug|x64.Build.0 = Debug|Any CPU
		{FBF4A619-A096-4FCD-909F-E13FDFC9363F}.Debug|x86.ActiveCfg = Debug|Any CPU
		{FBF4A619-A096-4FCD-909F-E13FDFC9363F}.Debug|x86.Build.0 = Debug|Any CPU
		{FBF4A619-A096-4FCD-909F-E13FDFC9363F}.Release|Any CPU.ActiveCfg = Release|Any CPU
		{FBF4A619-A096-4FCD-909F-E13FDFC9363F}.Release|Any CPU.Build.0 = Release|Any CPU
		{FBF4A619-A096-4FCD-909F-E13FDFC9363F}.Release|x64.ActiveCfg = Release|Any CPU
		{FBF4A619-A096-4FCD-909F-E13FDFC9363F}.Release|x64.Build.0 = Release|Any CPU
		{FBF4A619-A096-4FCD-909F-E13FDFC9363F}.Release|x86.ActiveCfg = Release|Any CPU
		{FBF4A619-A096-4FCD-909F-E13FDFC9363F}.Release|x86.Build.0 = Release|Any CPU
		{E5DC3187-6409-48B4-A323-0E6D4A9DF203}.Debug|Any CPU.ActiveCfg = Debug|Any CPU
		{E5DC3187-6409-48B4-A323-0E6D4A9DF203}.Debug|Any CPU.Build.0 = Debug|Any CPU
		{E5DC3187-6409-48B4-A323-0E6D4A9DF203}.Debug|x64.ActiveCfg = Debug|Any CPU
		{E5DC3187-6409-48B4-A323-0E6D4A9DF203}.Debug|x64.Build.0 = Debug|Any CPU
		{E5DC3187-6409-48B4-A323-0E6D4A9DF203}.Debug|x86.ActiveCfg = Debug|Any CPU
		{E5DC3187-6409-48B4-A323-0E6D4A9DF203}.Debug|x86.Build.0 = Debug|Any CPU
		{E5DC3187-6409-48B4-A323-0E6D4A9DF203}.Release|Any CPU.ActiveCfg = Release|Any CPU
		{E5DC3187-6409-48B4-A323-0E6D4A9DF203}.Release|Any CPU.Build.0 = Release|Any CPU
		{E5DC3187-6409-48B4-A323-0E6D4A9DF203}.Release|x64.ActiveCfg = Release|Any CPU
		{E5DC3187-6409-48B4-A323-0E6D4A9DF203}.Release|x64.Build.0 = Release|Any CPU
		{E5DC3187-6409-48B4-A323-0E6D4A9DF203}.Release|x86.ActiveCfg = Release|Any CPU
		{E5DC3187-6409-48B4-A323-0E6D4A9DF203}.Release|x86.Build.0 = Release|Any CPU
		{0A80EF3B-E2C6-4285-B2BA-5777DE79B7D0}.Debug|Any CPU.ActiveCfg = Debug|Any CPU
		{0A80EF3B-E2C6-4285-B2BA-5777DE79B7D0}.Debug|Any CPU.Build.0 = Debug|Any CPU
		{0A80EF3B-E2C6-4285-B2BA-5777DE79B7D0}.Debug|x64.ActiveCfg = Debug|Any CPU
		{0A80EF3B-E2C6-4285-B2BA-5777DE79B7D0}.Debug|x64.Build.0 = Debug|Any CPU
		{0A80EF3B-E2C6-4285-B2BA-5777DE79B7D0}.Debug|x86.ActiveCfg = Debug|Any CPU
		{0A80EF3B-E2C6-4285-B2BA-5777DE79B7D0}.Debug|x86.Build.0 = Debug|Any CPU
		{0A80EF3B-E2C6-4285-B2BA-5777DE79B7D0}.Release|Any CPU.ActiveCfg = Release|Any CPU
		{0A80EF3B-E2C6-4285-B2BA-5777DE79B7D0}.Release|Any CPU.Build.0 = Release|Any CPU
		{0A80EF3B-E2C6-4285-B2BA-5777DE79B7D0}.Release|x64.ActiveCfg = Release|Any CPU
		{0A80EF3B-E2C6-4285-B2BA-5777DE79B7D0}.Release|x64.Build.0 = Release|Any CPU
		{0A80EF3B-E2C6-4285-B2BA-5777DE79B7D0}.Release|x86.ActiveCfg = Release|Any CPU
		{0A80EF3B-E2C6-4285-B2BA-5777DE79B7D0}.Release|x86.Build.0 = Release|Any CPU
		{159DC060-6483-4F40-A0E9-D0A0F497530F}.Debug|Any CPU.ActiveCfg = Debug|Any CPU
		{159DC060-6483-4F40-A0E9-D0A0F497530F}.Debug|Any CPU.Build.0 = Debug|Any CPU
		{159DC060-6483-4F40-A0E9-D0A0F497530F}.Debug|Any CPU.Deploy.0 = Debug|Any CPU
		{159DC060-6483-4F40-A0E9-D0A0F497530F}.Debug|x64.ActiveCfg = Debug|Any CPU
		{159DC060-6483-4F40-A0E9-D0A0F497530F}.Debug|x64.Build.0 = Debug|Any CPU
		{159DC060-6483-4F40-A0E9-D0A0F497530F}.Debug|x86.ActiveCfg = Debug|Any CPU
		{159DC060-6483-4F40-A0E9-D0A0F497530F}.Debug|x86.Build.0 = Debug|Any CPU
		{159DC060-6483-4F40-A0E9-D0A0F497530F}.Release|Any CPU.ActiveCfg = Release|Any CPU
		{159DC060-6483-4F40-A0E9-D0A0F497530F}.Release|Any CPU.Build.0 = Release|Any CPU
		{159DC060-6483-4F40-A0E9-D0A0F497530F}.Release|Any CPU.Deploy.0 = Release|Any CPU
		{159DC060-6483-4F40-A0E9-D0A0F497530F}.Release|x64.ActiveCfg = Release|Any CPU
		{159DC060-6483-4F40-A0E9-D0A0F497530F}.Release|x64.Build.0 = Release|Any CPU
		{159DC060-6483-4F40-A0E9-D0A0F497530F}.Release|x86.ActiveCfg = Release|Any CPU
		{159DC060-6483-4F40-A0E9-D0A0F497530F}.Release|x86.Build.0 = Release|Any CPU
		{B6F3AD4C-4844-43F4-A8FF-F65608AE28DE}.Debug|Any CPU.ActiveCfg = Debug|Any CPU
		{B6F3AD4C-4844-43F4-A8FF-F65608AE28DE}.Debug|Any CPU.Build.0 = Debug|Any CPU
		{B6F3AD4C-4844-43F4-A8FF-F65608AE28DE}.Debug|x64.ActiveCfg = Debug|Any CPU
		{B6F3AD4C-4844-43F4-A8FF-F65608AE28DE}.Debug|x64.Build.0 = Debug|Any CPU
		{B6F3AD4C-4844-43F4-A8FF-F65608AE28DE}.Debug|x86.ActiveCfg = Debug|Any CPU
		{B6F3AD4C-4844-43F4-A8FF-F65608AE28DE}.Debug|x86.Build.0 = Debug|Any CPU
		{B6F3AD4C-4844-43F4-A8FF-F65608AE28DE}.Release|Any CPU.ActiveCfg = Release|Any CPU
		{B6F3AD4C-4844-43F4-A8FF-F65608AE28DE}.Release|Any CPU.Build.0 = Release|Any CPU
		{B6F3AD4C-4844-43F4-A8FF-F65608AE28DE}.Release|x64.ActiveCfg = Release|Any CPU
		{B6F3AD4C-4844-43F4-A8FF-F65608AE28DE}.Release|x64.Build.0 = Release|Any CPU
		{B6F3AD4C-4844-43F4-A8FF-F65608AE28DE}.Release|x86.ActiveCfg = Release|Any CPU
		{B6F3AD4C-4844-43F4-A8FF-F65608AE28DE}.Release|x86.Build.0 = Release|Any CPU
		{605E8BC9-8778-4D27-AA9D-5AEA02843DD7}.Debug|Any CPU.ActiveCfg = Debug|Any CPU
		{605E8BC9-8778-4D27-AA9D-5AEA02843DD7}.Debug|Any CPU.Build.0 = Debug|Any CPU
		{605E8BC9-8778-4D27-AA9D-5AEA02843DD7}.Debug|Any CPU.Deploy.0 = Debug|Any CPU
		{605E8BC9-8778-4D27-AA9D-5AEA02843DD7}.Debug|x64.ActiveCfg = Debug|Any CPU
		{605E8BC9-8778-4D27-AA9D-5AEA02843DD7}.Debug|x64.Build.0 = Debug|Any CPU
		{605E8BC9-8778-4D27-AA9D-5AEA02843DD7}.Debug|x86.ActiveCfg = Debug|Any CPU
		{605E8BC9-8778-4D27-AA9D-5AEA02843DD7}.Debug|x86.Build.0 = Debug|Any CPU
		{605E8BC9-8778-4D27-AA9D-5AEA02843DD7}.Release|Any CPU.ActiveCfg = Release|Any CPU
		{605E8BC9-8778-4D27-AA9D-5AEA02843DD7}.Release|Any CPU.Build.0 = Release|Any CPU
		{605E8BC9-8778-4D27-AA9D-5AEA02843DD7}.Release|Any CPU.Deploy.0 = Release|Any CPU
		{605E8BC9-8778-4D27-AA9D-5AEA02843DD7}.Release|x64.ActiveCfg = Release|Any CPU
		{605E8BC9-8778-4D27-AA9D-5AEA02843DD7}.Release|x64.Build.0 = Release|Any CPU
		{605E8BC9-8778-4D27-AA9D-5AEA02843DD7}.Release|x86.ActiveCfg = Release|Any CPU
		{605E8BC9-8778-4D27-AA9D-5AEA02843DD7}.Release|x86.Build.0 = Release|Any CPU
		{951450EF-93E8-4551-AECF-C5F70049DDDA}.Debug|Any CPU.ActiveCfg = Debug|Any CPU
		{951450EF-93E8-4551-AECF-C5F70049DDDA}.Debug|Any CPU.Build.0 = Debug|Any CPU
		{951450EF-93E8-4551-AECF-C5F70049DDDA}.Debug|x64.ActiveCfg = Debug|Any CPU
		{951450EF-93E8-4551-AECF-C5F70049DDDA}.Debug|x64.Build.0 = Debug|Any CPU
		{951450EF-93E8-4551-AECF-C5F70049DDDA}.Debug|x86.ActiveCfg = Debug|Any CPU
		{951450EF-93E8-4551-AECF-C5F70049DDDA}.Debug|x86.Build.0 = Debug|Any CPU
		{951450EF-93E8-4551-AECF-C5F70049DDDA}.Release|Any CPU.ActiveCfg = Release|Any CPU
		{951450EF-93E8-4551-AECF-C5F70049DDDA}.Release|Any CPU.Build.0 = Release|Any CPU
		{951450EF-93E8-4551-AECF-C5F70049DDDA}.Release|x64.ActiveCfg = Release|Any CPU
		{951450EF-93E8-4551-AECF-C5F70049DDDA}.Release|x64.Build.0 = Release|Any CPU
		{951450EF-93E8-4551-AECF-C5F70049DDDA}.Release|x86.ActiveCfg = Release|Any CPU
		{951450EF-93E8-4551-AECF-C5F70049DDDA}.Release|x86.Build.0 = Release|Any CPU
		{045ADEFC-8151-04AB-84A6-CC8F547D95A8}.Debug|Any CPU.ActiveCfg = Debug|Any CPU
		{045ADEFC-8151-04AB-84A6-CC8F547D95A8}.Debug|Any CPU.Build.0 = Debug|Any CPU
		{045ADEFC-8151-04AB-84A6-CC8F547D95A8}.Debug|x64.ActiveCfg = Debug|Any CPU
		{045ADEFC-8151-04AB-84A6-CC8F547D95A8}.Debug|x64.Build.0 = Debug|Any CPU
		{045ADEFC-8151-04AB-84A6-CC8F547D95A8}.Debug|x86.ActiveCfg = Debug|Any CPU
		{045ADEFC-8151-04AB-84A6-CC8F547D95A8}.Debug|x86.Build.0 = Debug|Any CPU
		{045ADEFC-8151-04AB-84A6-CC8F547D95A8}.Release|Any CPU.ActiveCfg = Release|Any CPU
		{045ADEFC-8151-04AB-84A6-CC8F547D95A8}.Release|Any CPU.Build.0 = Release|Any CPU
		{045ADEFC-8151-04AB-84A6-CC8F547D95A8}.Release|x64.ActiveCfg = Release|Any CPU
		{045ADEFC-8151-04AB-84A6-CC8F547D95A8}.Release|x64.Build.0 = Release|Any CPU
		{045ADEFC-8151-04AB-84A6-CC8F547D95A8}.Release|x86.ActiveCfg = Release|Any CPU
		{045ADEFC-8151-04AB-84A6-CC8F547D95A8}.Release|x86.Build.0 = Release|Any CPU
		{A66AD6F6-895E-49E8-9909-F0B0B2BDDFFC}.Debug|Any CPU.ActiveCfg = Debug|Any CPU
		{A66AD6F6-895E-49E8-9909-F0B0B2BDDFFC}.Debug|Any CPU.Build.0 = Debug|Any CPU
		{A66AD6F6-895E-49E8-9909-F0B0B2BDDFFC}.Debug|x64.ActiveCfg = Debug|Any CPU
		{A66AD6F6-895E-49E8-9909-F0B0B2BDDFFC}.Debug|x64.Build.0 = Debug|Any CPU
		{A66AD6F6-895E-49E8-9909-F0B0B2BDDFFC}.Debug|x86.ActiveCfg = Debug|Any CPU
		{A66AD6F6-895E-49E8-9909-F0B0B2BDDFFC}.Debug|x86.Build.0 = Debug|Any CPU
		{A66AD6F6-895E-49E8-9909-F0B0B2BDDFFC}.Release|Any CPU.ActiveCfg = Release|Any CPU
		{A66AD6F6-895E-49E8-9909-F0B0B2BDDFFC}.Release|Any CPU.Build.0 = Release|Any CPU
		{A66AD6F6-895E-49E8-9909-F0B0B2BDDFFC}.Release|x64.ActiveCfg = Release|Any CPU
		{A66AD6F6-895E-49E8-9909-F0B0B2BDDFFC}.Release|x64.Build.0 = Release|Any CPU
		{A66AD6F6-895E-49E8-9909-F0B0B2BDDFFC}.Release|x86.ActiveCfg = Release|Any CPU
		{A66AD6F6-895E-49E8-9909-F0B0B2BDDFFC}.Release|x86.Build.0 = Release|Any CPU
		{6C4EC49C-CE6E-44E7-8ACF-8A36EB246C96}.Debug|Any CPU.ActiveCfg = Debug|Any CPU
		{6C4EC49C-CE6E-44E7-8ACF-8A36EB246C96}.Debug|Any CPU.Build.0 = Debug|Any CPU
		{6C4EC49C-CE6E-44E7-8ACF-8A36EB246C96}.Debug|x64.ActiveCfg = Debug|Any CPU
		{6C4EC49C-CE6E-44E7-8ACF-8A36EB246C96}.Debug|x64.Build.0 = Debug|Any CPU
		{6C4EC49C-CE6E-44E7-8ACF-8A36EB246C96}.Debug|x86.ActiveCfg = Debug|Any CPU
		{6C4EC49C-CE6E-44E7-8ACF-8A36EB246C96}.Debug|x86.Build.0 = Debug|Any CPU
		{6C4EC49C-CE6E-44E7-8ACF-8A36EB246C96}.Release|Any CPU.ActiveCfg = Release|Any CPU
		{6C4EC49C-CE6E-44E7-8ACF-8A36EB246C96}.Release|Any CPU.Build.0 = Release|Any CPU
		{6C4EC49C-CE6E-44E7-8ACF-8A36EB246C96}.Release|x64.ActiveCfg = Release|Any CPU
		{6C4EC49C-CE6E-44E7-8ACF-8A36EB246C96}.Release|x64.Build.0 = Release|Any CPU
		{6C4EC49C-CE6E-44E7-8ACF-8A36EB246C96}.Release|x86.ActiveCfg = Release|Any CPU
		{6C4EC49C-CE6E-44E7-8ACF-8A36EB246C96}.Release|x86.Build.0 = Release|Any CPU
		{D160712D-707E-4FFC-8AA5-A7E261BE19B3}.Debug|Any CPU.ActiveCfg = Debug|Any CPU
		{D160712D-707E-4FFC-8AA5-A7E261BE19B3}.Debug|Any CPU.Build.0 = Debug|Any CPU
		{D160712D-707E-4FFC-8AA5-A7E261BE19B3}.Debug|x64.ActiveCfg = Debug|Any CPU
		{D160712D-707E-4FFC-8AA5-A7E261BE19B3}.Debug|x64.Build.0 = Debug|Any CPU
		{D160712D-707E-4FFC-8AA5-A7E261BE19B3}.Debug|x86.ActiveCfg = Debug|Any CPU
		{D160712D-707E-4FFC-8AA5-A7E261BE19B3}.Debug|x86.Build.0 = Debug|Any CPU
		{D160712D-707E-4FFC-8AA5-A7E261BE19B3}.Release|Any CPU.ActiveCfg = Release|Any CPU
		{D160712D-707E-4FFC-8AA5-A7E261BE19B3}.Release|Any CPU.Build.0 = Release|Any CPU
		{D160712D-707E-4FFC-8AA5-A7E261BE19B3}.Release|x64.ActiveCfg = Release|Any CPU
		{D160712D-707E-4FFC-8AA5-A7E261BE19B3}.Release|x64.Build.0 = Release|Any CPU
		{D160712D-707E-4FFC-8AA5-A7E261BE19B3}.Release|x86.ActiveCfg = Release|Any CPU
		{D160712D-707E-4FFC-8AA5-A7E261BE19B3}.Release|x86.Build.0 = Release|Any CPU
		{AC3040CE-E279-46CC-AC9F-D78250FCE641}.Debug|Any CPU.ActiveCfg = Debug|Any CPU
		{AC3040CE-E279-46CC-AC9F-D78250FCE641}.Debug|Any CPU.Build.0 = Debug|Any CPU
		{AC3040CE-E279-46CC-AC9F-D78250FCE641}.Debug|x64.ActiveCfg = Debug|Any CPU
		{AC3040CE-E279-46CC-AC9F-D78250FCE641}.Debug|x64.Build.0 = Debug|Any CPU
		{AC3040CE-E279-46CC-AC9F-D78250FCE641}.Debug|x86.ActiveCfg = Debug|Any CPU
		{AC3040CE-E279-46CC-AC9F-D78250FCE641}.Debug|x86.Build.0 = Debug|Any CPU
		{AC3040CE-E279-46CC-AC9F-D78250FCE641}.Release|Any CPU.ActiveCfg = Release|Any CPU
		{AC3040CE-E279-46CC-AC9F-D78250FCE641}.Release|Any CPU.Build.0 = Release|Any CPU
		{AC3040CE-E279-46CC-AC9F-D78250FCE641}.Release|x64.ActiveCfg = Release|Any CPU
		{AC3040CE-E279-46CC-AC9F-D78250FCE641}.Release|x64.Build.0 = Release|Any CPU
		{AC3040CE-E279-46CC-AC9F-D78250FCE641}.Release|x86.ActiveCfg = Release|Any CPU
		{AC3040CE-E279-46CC-AC9F-D78250FCE641}.Release|x86.Build.0 = Release|Any CPU
		{174EC413-AB3B-4750-A183-2F54C77939E3}.Debug|Any CPU.ActiveCfg = Debug|Any CPU
		{174EC413-AB3B-4750-A183-2F54C77939E3}.Debug|Any CPU.Build.0 = Debug|Any CPU
		{174EC413-AB3B-4750-A183-2F54C77939E3}.Debug|x64.ActiveCfg = Debug|Any CPU
		{174EC413-AB3B-4750-A183-2F54C77939E3}.Debug|x64.Build.0 = Debug|Any CPU
		{174EC413-AB3B-4750-A183-2F54C77939E3}.Debug|x86.ActiveCfg = Debug|Any CPU
		{174EC413-AB3B-4750-A183-2F54C77939E3}.Debug|x86.Build.0 = Debug|Any CPU
		{174EC413-AB3B-4750-A183-2F54C77939E3}.Release|Any CPU.ActiveCfg = Release|Any CPU
		{174EC413-AB3B-4750-A183-2F54C77939E3}.Release|Any CPU.Build.0 = Release|Any CPU
		{174EC413-AB3B-4750-A183-2F54C77939E3}.Release|x64.ActiveCfg = Release|Any CPU
		{174EC413-AB3B-4750-A183-2F54C77939E3}.Release|x64.Build.0 = Release|Any CPU
		{174EC413-AB3B-4750-A183-2F54C77939E3}.Release|x86.ActiveCfg = Release|Any CPU
		{174EC413-AB3B-4750-A183-2F54C77939E3}.Release|x86.Build.0 = Release|Any CPU
		{66332D1E-A0AB-4D86-803C-4056F53056E8}.Debug|Any CPU.ActiveCfg = Debug|Any CPU
		{66332D1E-A0AB-4D86-803C-4056F53056E8}.Debug|Any CPU.Build.0 = Debug|Any CPU
		{66332D1E-A0AB-4D86-803C-4056F53056E8}.Debug|x64.ActiveCfg = Debug|Any CPU
		{66332D1E-A0AB-4D86-803C-4056F53056E8}.Debug|x64.Build.0 = Debug|Any CPU
		{66332D1E-A0AB-4D86-803C-4056F53056E8}.Debug|x86.ActiveCfg = Debug|Any CPU
		{66332D1E-A0AB-4D86-803C-4056F53056E8}.Debug|x86.Build.0 = Debug|Any CPU
		{66332D1E-A0AB-4D86-803C-4056F53056E8}.Release|Any CPU.ActiveCfg = Release|Any CPU
		{66332D1E-A0AB-4D86-803C-4056F53056E8}.Release|Any CPU.Build.0 = Release|Any CPU
		{66332D1E-A0AB-4D86-803C-4056F53056E8}.Release|x64.ActiveCfg = Release|Any CPU
		{66332D1E-A0AB-4D86-803C-4056F53056E8}.Release|x64.Build.0 = Release|Any CPU
		{66332D1E-A0AB-4D86-803C-4056F53056E8}.Release|x86.ActiveCfg = Release|Any CPU
		{66332D1E-A0AB-4D86-803C-4056F53056E8}.Release|x86.Build.0 = Release|Any CPU
		{9DF354BC-855B-46EA-A5B1-2D66A3FDE9E0}.Debug|Any CPU.ActiveCfg = Debug|Any CPU
		{9DF354BC-855B-46EA-A5B1-2D66A3FDE9E0}.Debug|Any CPU.Build.0 = Debug|Any CPU
		{9DF354BC-855B-46EA-A5B1-2D66A3FDE9E0}.Debug|x64.ActiveCfg = Debug|Any CPU
		{9DF354BC-855B-46EA-A5B1-2D66A3FDE9E0}.Debug|x64.Build.0 = Debug|Any CPU
		{9DF354BC-855B-46EA-A5B1-2D66A3FDE9E0}.Debug|x86.ActiveCfg = Debug|Any CPU
		{9DF354BC-855B-46EA-A5B1-2D66A3FDE9E0}.Debug|x86.Build.0 = Debug|Any CPU
		{9DF354BC-855B-46EA-A5B1-2D66A3FDE9E0}.Release|Any CPU.ActiveCfg = Release|Any CPU
		{9DF354BC-855B-46EA-A5B1-2D66A3FDE9E0}.Release|Any CPU.Build.0 = Release|Any CPU
		{9DF354BC-855B-46EA-A5B1-2D66A3FDE9E0}.Release|x64.ActiveCfg = Release|Any CPU
		{9DF354BC-855B-46EA-A5B1-2D66A3FDE9E0}.Release|x64.Build.0 = Release|Any CPU
		{9DF354BC-855B-46EA-A5B1-2D66A3FDE9E0}.Release|x86.ActiveCfg = Release|Any CPU
		{9DF354BC-855B-46EA-A5B1-2D66A3FDE9E0}.Release|x86.Build.0 = Release|Any CPU
		{FABA5209-FBC9-4001-9902-1B960EEB2EA0}.Debug|Any CPU.ActiveCfg = Debug|Any CPU
		{FABA5209-FBC9-4001-9902-1B960EEB2EA0}.Debug|Any CPU.Build.0 = Debug|Any CPU
		{FABA5209-FBC9-4001-9902-1B960EEB2EA0}.Debug|x64.ActiveCfg = Debug|Any CPU
		{FABA5209-FBC9-4001-9902-1B960EEB2EA0}.Debug|x64.Build.0 = Debug|Any CPU
		{FABA5209-FBC9-4001-9902-1B960EEB2EA0}.Debug|x86.ActiveCfg = Debug|Any CPU
		{FABA5209-FBC9-4001-9902-1B960EEB2EA0}.Debug|x86.Build.0 = Debug|Any CPU
		{FABA5209-FBC9-4001-9902-1B960EEB2EA0}.Release|Any CPU.ActiveCfg = Release|Any CPU
		{FABA5209-FBC9-4001-9902-1B960EEB2EA0}.Release|Any CPU.Build.0 = Release|Any CPU
		{FABA5209-FBC9-4001-9902-1B960EEB2EA0}.Release|x64.ActiveCfg = Release|Any CPU
		{FABA5209-FBC9-4001-9902-1B960EEB2EA0}.Release|x64.Build.0 = Release|Any CPU
		{FABA5209-FBC9-4001-9902-1B960EEB2EA0}.Release|x86.ActiveCfg = Release|Any CPU
		{FABA5209-FBC9-4001-9902-1B960EEB2EA0}.Release|x86.Build.0 = Release|Any CPU
		{70941CF0-7248-4F82-9072-5ED521F4ACF6}.Debug|Any CPU.ActiveCfg = Debug|Any CPU
		{70941CF0-7248-4F82-9072-5ED521F4ACF6}.Debug|Any CPU.Build.0 = Debug|Any CPU
		{70941CF0-7248-4F82-9072-5ED521F4ACF6}.Debug|x64.ActiveCfg = Debug|Any CPU
		{70941CF0-7248-4F82-9072-5ED521F4ACF6}.Debug|x64.Build.0 = Debug|Any CPU
		{70941CF0-7248-4F82-9072-5ED521F4ACF6}.Debug|x86.ActiveCfg = Debug|Any CPU
		{70941CF0-7248-4F82-9072-5ED521F4ACF6}.Debug|x86.Build.0 = Debug|Any CPU
		{70941CF0-7248-4F82-9072-5ED521F4ACF6}.Release|Any CPU.ActiveCfg = Release|Any CPU
		{70941CF0-7248-4F82-9072-5ED521F4ACF6}.Release|Any CPU.Build.0 = Release|Any CPU
		{70941CF0-7248-4F82-9072-5ED521F4ACF6}.Release|x64.ActiveCfg = Release|Any CPU
		{70941CF0-7248-4F82-9072-5ED521F4ACF6}.Release|x64.Build.0 = Release|Any CPU
		{70941CF0-7248-4F82-9072-5ED521F4ACF6}.Release|x86.ActiveCfg = Release|Any CPU
		{70941CF0-7248-4F82-9072-5ED521F4ACF6}.Release|x86.Build.0 = Release|Any CPU
		{CFE2B7D2-7F3A-4EF2-B7D0-DF5BC6A3032B}.Debug|Any CPU.ActiveCfg = Debug|Any CPU
		{CFE2B7D2-7F3A-4EF2-B7D0-DF5BC6A3032B}.Debug|Any CPU.Build.0 = Debug|Any CPU
		{CFE2B7D2-7F3A-4EF2-B7D0-DF5BC6A3032B}.Debug|x64.ActiveCfg = Debug|Any CPU
		{CFE2B7D2-7F3A-4EF2-B7D0-DF5BC6A3032B}.Debug|x64.Build.0 = Debug|Any CPU
		{CFE2B7D2-7F3A-4EF2-B7D0-DF5BC6A3032B}.Debug|x86.ActiveCfg = Debug|Any CPU
		{CFE2B7D2-7F3A-4EF2-B7D0-DF5BC6A3032B}.Debug|x86.Build.0 = Debug|Any CPU
		{CFE2B7D2-7F3A-4EF2-B7D0-DF5BC6A3032B}.Release|Any CPU.ActiveCfg = Release|Any CPU
		{CFE2B7D2-7F3A-4EF2-B7D0-DF5BC6A3032B}.Release|Any CPU.Build.0 = Release|Any CPU
		{CFE2B7D2-7F3A-4EF2-B7D0-DF5BC6A3032B}.Release|x64.ActiveCfg = Release|Any CPU
		{CFE2B7D2-7F3A-4EF2-B7D0-DF5BC6A3032B}.Release|x64.Build.0 = Release|Any CPU
		{CFE2B7D2-7F3A-4EF2-B7D0-DF5BC6A3032B}.Release|x86.ActiveCfg = Release|Any CPU
		{CFE2B7D2-7F3A-4EF2-B7D0-DF5BC6A3032B}.Release|x86.Build.0 = Release|Any CPU
		{A1B2C3D4-E5F6-7890-ABCD-EF1234567890}.Debug|Any CPU.ActiveCfg = Debug|Any CPU
		{A1B2C3D4-E5F6-7890-ABCD-EF1234567890}.Debug|Any CPU.Build.0 = Debug|Any CPU
		{A1B2C3D4-E5F6-7890-ABCD-EF1234567890}.Debug|x64.ActiveCfg = Debug|Any CPU
		{A1B2C3D4-E5F6-7890-ABCD-EF1234567890}.Debug|x64.Build.0 = Debug|Any CPU
		{A1B2C3D4-E5F6-7890-ABCD-EF1234567890}.Debug|x86.ActiveCfg = Debug|Any CPU
		{A1B2C3D4-E5F6-7890-ABCD-EF1234567890}.Debug|x86.Build.0 = Debug|Any CPU
		{A1B2C3D4-E5F6-7890-ABCD-EF1234567890}.Release|Any CPU.ActiveCfg = Release|Any CPU
		{A1B2C3D4-E5F6-7890-ABCD-EF1234567890}.Release|Any CPU.Build.0 = Release|Any CPU
		{A1B2C3D4-E5F6-7890-ABCD-EF1234567890}.Release|x64.ActiveCfg = Release|Any CPU
		{A1B2C3D4-E5F6-7890-ABCD-EF1234567890}.Release|x64.Build.0 = Release|Any CPU
		{A1B2C3D4-E5F6-7890-ABCD-EF1234567890}.Release|x86.ActiveCfg = Release|Any CPU
		{A1B2C3D4-E5F6-7890-ABCD-EF1234567890}.Release|x86.Build.0 = Release|Any CPU
		{545AD54D-003B-4363-9C51-5280DD827050}.Debug|Any CPU.ActiveCfg = Debug|Any CPU
		{545AD54D-003B-4363-9C51-5280DD827050}.Debug|Any CPU.Build.0 = Debug|Any CPU
		{545AD54D-003B-4363-9C51-5280DD827050}.Debug|x64.ActiveCfg = Debug|Any CPU
		{545AD54D-003B-4363-9C51-5280DD827050}.Debug|x64.Build.0 = Debug|Any CPU
		{545AD54D-003B-4363-9C51-5280DD827050}.Debug|x86.ActiveCfg = Debug|Any CPU
		{545AD54D-003B-4363-9C51-5280DD827050}.Debug|x86.Build.0 = Debug|Any CPU
		{545AD54D-003B-4363-9C51-5280DD827050}.Release|Any CPU.ActiveCfg = Release|Any CPU
		{545AD54D-003B-4363-9C51-5280DD827050}.Release|Any CPU.Build.0 = Release|Any CPU
		{545AD54D-003B-4363-9C51-5280DD827050}.Release|x64.ActiveCfg = Release|Any CPU
		{545AD54D-003B-4363-9C51-5280DD827050}.Release|x64.Build.0 = Release|Any CPU
		{545AD54D-003B-4363-9C51-5280DD827050}.Release|x86.ActiveCfg = Release|Any CPU
		{545AD54D-003B-4363-9C51-5280DD827050}.Release|x86.Build.0 = Release|Any CPU
		{E9E154D2-313E-4FD2-B4AA-FD8657C36A94}.Debug|Any CPU.ActiveCfg = Debug|Any CPU
		{E9E154D2-313E-4FD2-B4AA-FD8657C36A94}.Debug|Any CPU.Build.0 = Debug|Any CPU
		{E9E154D2-313E-4FD2-B4AA-FD8657C36A94}.Debug|x64.ActiveCfg = Debug|Any CPU
		{E9E154D2-313E-4FD2-B4AA-FD8657C36A94}.Debug|x64.Build.0 = Debug|Any CPU
		{E9E154D2-313E-4FD2-B4AA-FD8657C36A94}.Debug|x86.ActiveCfg = Debug|Any CPU
		{E9E154D2-313E-4FD2-B4AA-FD8657C36A94}.Debug|x86.Build.0 = Debug|Any CPU
		{E9E154D2-313E-4FD2-B4AA-FD8657C36A94}.Release|Any CPU.ActiveCfg = Release|Any CPU
		{E9E154D2-313E-4FD2-B4AA-FD8657C36A94}.Release|Any CPU.Build.0 = Release|Any CPU
		{E9E154D2-313E-4FD2-B4AA-FD8657C36A94}.Release|x64.ActiveCfg = Release|Any CPU
		{E9E154D2-313E-4FD2-B4AA-FD8657C36A94}.Release|x64.Build.0 = Release|Any CPU
		{E9E154D2-313E-4FD2-B4AA-FD8657C36A94}.Release|x86.ActiveCfg = Release|Any CPU
		{E9E154D2-313E-4FD2-B4AA-FD8657C36A94}.Release|x86.Build.0 = Release|Any CPU
		{51E76FC1-812F-40E7-BE7A-01B539F97E3B}.Debug|Any CPU.ActiveCfg = Debug|Any CPU
		{51E76FC1-812F-40E7-BE7A-01B539F97E3B}.Debug|Any CPU.Build.0 = Debug|Any CPU
		{51E76FC1-812F-40E7-BE7A-01B539F97E3B}.Debug|x64.ActiveCfg = Debug|Any CPU
		{51E76FC1-812F-40E7-BE7A-01B539F97E3B}.Debug|x64.Build.0 = Debug|Any CPU
		{51E76FC1-812F-40E7-BE7A-01B539F97E3B}.Debug|x86.ActiveCfg = Debug|Any CPU
		{51E76FC1-812F-40E7-BE7A-01B539F97E3B}.Debug|x86.Build.0 = Debug|Any CPU
		{51E76FC1-812F-40E7-BE7A-01B539F97E3B}.Release|Any CPU.ActiveCfg = Release|Any CPU
		{51E76FC1-812F-40E7-BE7A-01B539F97E3B}.Release|Any CPU.Build.0 = Release|Any CPU
		{51E76FC1-812F-40E7-BE7A-01B539F97E3B}.Release|x64.ActiveCfg = Release|Any CPU
		{51E76FC1-812F-40E7-BE7A-01B539F97E3B}.Release|x64.Build.0 = Release|Any CPU
		{51E76FC1-812F-40E7-BE7A-01B539F97E3B}.Release|x86.ActiveCfg = Release|Any CPU
		{51E76FC1-812F-40E7-BE7A-01B539F97E3B}.Release|x86.Build.0 = Release|Any CPU
		{5895E1FD-9B47-4170-821C-66AB3DB52C0E}.Debug|Any CPU.ActiveCfg = Debug|Any CPU
		{5895E1FD-9B47-4170-821C-66AB3DB52C0E}.Debug|Any CPU.Build.0 = Debug|Any CPU
		{5895E1FD-9B47-4170-821C-66AB3DB52C0E}.Debug|x64.ActiveCfg = Debug|Any CPU
		{5895E1FD-9B47-4170-821C-66AB3DB52C0E}.Debug|x64.Build.0 = Debug|Any CPU
		{5895E1FD-9B47-4170-821C-66AB3DB52C0E}.Debug|x86.ActiveCfg = Debug|Any CPU
		{5895E1FD-9B47-4170-821C-66AB3DB52C0E}.Debug|x86.Build.0 = Debug|Any CPU
		{5895E1FD-9B47-4170-821C-66AB3DB52C0E}.Release|Any CPU.ActiveCfg = Release|Any CPU
		{5895E1FD-9B47-4170-821C-66AB3DB52C0E}.Release|Any CPU.Build.0 = Release|Any CPU
		{5895E1FD-9B47-4170-821C-66AB3DB52C0E}.Release|x64.ActiveCfg = Release|Any CPU
		{5895E1FD-9B47-4170-821C-66AB3DB52C0E}.Release|x64.Build.0 = Release|Any CPU
		{5895E1FD-9B47-4170-821C-66AB3DB52C0E}.Release|x86.ActiveCfg = Release|Any CPU
		{5895E1FD-9B47-4170-821C-66AB3DB52C0E}.Release|x86.Build.0 = Release|Any CPU
	EndGlobalSection
	GlobalSection(SolutionProperties) = preSolution
		HideSolutionNode = FALSE
	EndGlobalSection
	GlobalSection(NestedProjects) = preSolution
		{FBF4A619-A096-4FCD-909F-E13FDFC9363F} = {29533BD3-81D4-4131-A1F2-9F382B7F1C07}
		{E5DC3187-6409-48B4-A323-0E6D4A9DF203} = {29533BD3-81D4-4131-A1F2-9F382B7F1C07}
		{0A80EF3B-E2C6-4285-B2BA-5777DE79B7D0} = {29533BD3-81D4-4131-A1F2-9F382B7F1C07}
		{159DC060-6483-4F40-A0E9-D0A0F497530F} = {29533BD3-81D4-4131-A1F2-9F382B7F1C07}
		{B6F3AD4C-4844-43F4-A8FF-F65608AE28DE} = {29533BD3-81D4-4131-A1F2-9F382B7F1C07}
		{605E8BC9-8778-4D27-AA9D-5AEA02843DD7} = {29533BD3-81D4-4131-A1F2-9F382B7F1C07}
		{951450EF-93E8-4551-AECF-C5F70049DDDA} = {29533BD3-81D4-4131-A1F2-9F382B7F1C07}
		{045ADEFC-8151-04AB-84A6-CC8F547D95A8} = {29533BD3-81D4-4131-A1F2-9F382B7F1C07}
		{A66AD6F6-895E-49E8-9909-F0B0B2BDDFFC} = {827E0CD3-B72D-47B6-A68D-7590B98EB39B}
		{6C4EC49C-CE6E-44E7-8ACF-8A36EB246C96} = {827E0CD3-B72D-47B6-A68D-7590B98EB39B}
		{D160712D-707E-4FFC-8AA5-A7E261BE19B3} = {827E0CD3-B72D-47B6-A68D-7590B98EB39B}
		{AC3040CE-E279-46CC-AC9F-D78250FCE641} = {827E0CD3-B72D-47B6-A68D-7590B98EB39B}
		{174EC413-AB3B-4750-A183-2F54C77939E3} = {66320409-64EC-F7C5-3DEF-65E7510DAAD1}
		{66332D1E-A0AB-4D86-803C-4056F53056E8} = {827E0CD3-B72D-47B6-A68D-7590B98EB39B}
		{9DF354BC-855B-46EA-A5B1-2D66A3FDE9E0} = {827E0CD3-B72D-47B6-A68D-7590B98EB39B}
		{FABA5209-FBC9-4001-9902-1B960EEB2EA0} = {29533BD3-81D4-4131-A1F2-9F382B7F1C07}
		{70941CF0-7248-4F82-9072-5ED521F4ACF6} = {07D57EEB-2F50-60C4-C011-FE4FA775C9A8}
		{CFE2B7D2-7F3A-4EF2-B7D0-DF5BC6A3032B} = {07D57EEB-2F50-60C4-C011-FE4FA775C9A8}
		{A1B2C3D4-E5F6-7890-ABCD-EF1234567890} = {07D57EEB-2F50-60C4-C011-FE4FA775C9A8}
		{545AD54D-003B-4363-9C51-5280DD827050} = {07D57EEB-2F50-60C4-C011-FE4FA775C9A8}
		{E9E154D2-313E-4FD2-B4AA-FD8657C36A94} = {827E0CD3-B72D-47B6-A68D-7590B98EB39B}
		{51E76FC1-812F-40E7-BE7A-01B539F97E3B} = {29533BD3-81D4-4131-A1F2-9F382B7F1C07}
		{5895E1FD-9B47-4170-821C-66AB3DB52C0E} = {827E0CD3-B72D-47B6-A68D-7590B98EB39B}
	EndGlobalSection
	GlobalSection(ExtensibilityGlobals) = postSolution
		SolutionGuid = {C362CE2E-275A-4392-B5A1-CA3A6612BDBF}
	EndGlobalSection
EndGlobal
