{
  "version": 2,
  "dependencies": {
    "net10.0": {
      "Avalonia": {
        "type": "Direct",
        "requested": "[12.0.0-rc1, )",
        "resolved": "12.0.0-rc1",
        "contentHash": "FrZ3rQNIj8+BIDc1g7BPNsNSrSSPHX5dN1ferqNPfzSlaQNayLTCrtlC0WPwamVg7p3DVBKMyx87/0GC+BEmmg==",
        "dependencies": {
          "Avalonia.BuildServices": "11.3.2",
          "Avalonia.Remote.Protocol": "12.0.0-rc1",
          "MicroCom.Runtime": "0.11.0"
        }
      },
      "Avalonia.Fonts.Inter": {
        "type": "Direct",
        "requested": "[12.0.0-preview2, )",
        "resolved": "12.0.0-preview2",
        "contentHash": "H/eGLQcP1DcFWYBwU8p6zABqTwIdbzFOhhH0i/uuwxZXfHBPEqRKwN2syRZ4pn7KV5KHmEcGAE7YvwemyJDOCw==",
        "dependencies": {
          "Avalonia": "12.0.0-preview2"
        }
      },
      "Avalonia.Themes.Fluent": {
        "type": "Direct",
        "requested": "[12.0.0-rc1, )",
        "resolved": "12.0.0-rc1",
        "contentHash": "UFgSXcPzgSq+9BfBdWEH9R2QgFyOxqsEmFO7nblf5nfvK1kVUbWk7rJ+6N1THbS3MaUcbFcditM5OhJc0d1JeQ==",
        "dependencies": {
          "Avalonia": "12.0.0-rc1"
        }
      },
      "CommunityToolkit.Mvvm": {
        "type": "Direct",
        "requested": "[8.4.0, )",
        "resolved": "8.4.0",
        "contentHash": "tqVU8yc/ADO9oiTRyTnwhFN68hCwvkliMierptWOudIAvWY1mWCh5VFh+guwHJmpMwfg0J0rY+yyd5Oy7ty9Uw=="
      },
      "Microsoft.SourceLink.GitHub": {
        "type": "Direct",
        "requested": "[11.0.100-preview.2.26159.112, )",
        "resolved": "11.0.100-preview.2.26159.112",
        "contentHash": "tOnAJEilYQeFZfKjAd4dKiBzcWmu9FLHhaOC1IWSUVQIA+FdqU53QERbWgyE57czhrS1yGFcjaoqb0ehOFDOug==",
        "dependencies": {
          "Microsoft.Build.Tasks.Git": "11.0.100-preview.2.26159.112",
          "Microsoft.SourceLink.Common": "11.0.100-preview.2.26159.112",
          "System.IO.Hashing": "11.0.0-preview.2.26159.112"
        }
      },
      "Serilog": {
        "type": "Direct",
        "requested": "[4.3.2-dev-02419, )",
        "resolved": "4.3.2-dev-02419",
        "contentHash": "W8VlLVjPbjbkr4r88cr8FfkVzvaiguxFK8w2vczUMnSB74pK45g+SRjD5urq/x6gKvGICnv+NVvLP0Q89OdFQw=="
      },
      "Serilog.Sinks.File": {
        "type": "Direct",
        "requested": "[8.0.0-nblumhardt-02322, )",
        "resolved": "8.0.0-nblumhardt-02322",
        "contentHash": "EA6O7RwYBl52t/SDul6itYPla3wSSm6F+XLGtSiHiqjYlmWH6YGhXL92/FHWhzQglRmXhbgFDK0m9RFKW110/w==",
        "dependencies": {
          "Serilog": "4.2.0"
        }
      },
      "Avalonia.BuildServices": {
        "type": "Transitive",
        "resolved": "11.3.2",
        "contentHash": "qHDToxto1e3hci5YqbG9n0Ty8mlp3zBUN5wT66wKqaDVzXyQ0do3EnRILd4Ke9jpvsktaPpgE0YjEk7hornryQ=="
      },
      "Avalonia.Remote.Protocol": {
        "type": "Transitive",
        "resolved": "12.0.0-rc1",
        "contentHash": "/hXGRnxsaemSRe/A8hOWwa7DxoOBiTGUIt/ENpE9VEoQKaXqvkJtWW6Vx5Cchiynx0ODKgRhVjIDxL62sLQk2Q=="
      },
      "MicroCom.Runtime": {
        "type": "Transitive",
        "resolved": "0.11.0",
        "contentHash": "MEnrZ3UIiH40hjzMDsxrTyi8dtqB5ziv3iBeeU4bXsL/7NLSal9F1lZKpK+tfBRnUoDSdtcW3KufE4yhATOMCA=="
      },
      "Microsoft.Build.Tasks.Git": {
        "type": "Transitive",
        "resolved": "11.0.100-preview.2.26159.112",
        "contentHash": "z+qGAmrjBf4MIboYAp5RYYpWp8t5a9NZh9uVZBI6/dBctnUznZ0dfio1H1W+dfAzs9AruIaGFsdOdTd0lue3Lw==",
        "dependencies": {
          "System.IO.Hashing": "11.0.0-preview.2.26159.112"
        }
      },
      "Microsoft.SourceLink.Common": {
        "type": "Transitive",
        "resolved": "11.0.100-preview.2.26159.112",
        "contentHash": "F2KYT8RxU7WtNBxdGpeNiQwprCnBRbbMDGvZM0odbLaNQNtjf4wRQSRUMMwoIlMzrIWvwLdxiBIKQfDBGC/FIg=="
      },
      "System.Diagnostics.DiagnosticSource": {
        "type": "Transitive",
        "resolved": "11.0.0-preview.2.26159.112",
        "contentHash": "53nimBaVbzyZjQfi/hx/mRuqtNBGpu1uk7o8P9esiBVWsWz3+cimhT5pE8exQPYEJMDermE2mv5+HtPSo0TkGg=="
      },
      "System.IO.Hashing": {
        "type": "Transitive",
        "resolved": "11.0.0-preview.2.26159.112",
        "contentHash": "5xr0B5D23NoH3jcHO3SVPchTo0dwD+wqpqrysAZeOKY+XEOheKZN0bApd/EoWj+ym5NtmiNxCtYVZtDpo8FUlQ=="
      },
      "agibuild.fulora.adapters.abstractions": {
        "type": "Project",
        "dependencies": {
          "Agibuild.Fulora.Core": "[1.5.10-local, )"
        }
      },
      "agibuild.fulora.avalonia": {
        "type": "Project",
        "dependencies": {
          "Avalonia": "[12.0.0-rc1, )",
          "Microsoft.Extensions.Logging.Abstractions": "[11.0.0-preview.2.26159.112, )",
          "Microsoft.Web.WebView2": "[1.0.3848-prerelease, )",
          "SharpHook": "[7.1.1, )"
        }
      },
      "agibuild.fulora.core": {
        "type": "Project"
      },
      "agibuild.fulora.runtime": {
        "type": "Project",
        "dependencies": {
          "Agibuild.Fulora.Adapters.Abstractions": "[1.5.10-local, )",
          "Agibuild.Fulora.Core": "[1.5.10-local, )",
          "Microsoft.Extensions.Logging.Abstractions": "[11.0.0-preview.2.26159.112, )"
        }
      },
      "agibuild.fulora.testing": {
        "type": "Project",
        "dependencies": {
          "Agibuild.Fulora.Adapters.Abstractions": "[1.5.10-local, )",
          "Agibuild.Fulora.Core": "[1.5.10-local, )",
          "Agibuild.Fulora.Runtime": "[1.5.10-local, )"
        }
      },
      "Microsoft.Extensions.DependencyInjection.Abstractions": {
        "type": "CentralTransitive",
        "requested": "[11.0.0-preview.2.26159.112, )",
        "resolved": "11.0.0-preview.2.26159.112",
        "contentHash": "OQXAVaAtsf/HNCFzeby//Q7ibYk8Lf+8dgvRna5mmulHyXU0qPMtERY10CuhBkPdkxS69Dsgk1VjD5e3OF/f3w=="
      },
      "Microsoft.Extensions.Logging.Abstractions": {
        "type": "CentralTransitive",
        "requested": "[11.0.0-preview.2.26159.112, )",
        "resolved": "11.0.0-preview.2.26159.112",
        "contentHash": "yE3AafH9H/ybiI5USxYfCEexMM7MogTfziE6dgeT5P09nATl8wfk31clavCRALdoF5pDgxMsKxJ7P0XXhjlbYA==",
        "dependencies": {
          "Microsoft.Extensions.DependencyInjection.Abstractions": "11.0.0-preview.2.26159.112",
          "System.Diagnostics.DiagnosticSource": "11.0.0-preview.2.26159.112"
        }
      },
      "Microsoft.Web.WebView2": {
        "type": "CentralTransitive",
        "requested": "[1.0.3848-prerelease, )",
        "resolved": "1.0.3848-prerelease",
        "contentHash": "IByYcoTwyFJXlqR9X8qhmfvPa/GIw+1/9n5Kqt/rFqt4bdxOOFhKedFyllNoft8napeJo9xfBmJ5IwoOky5LPA=="
      },
      "SharpHook": {
        "type": "CentralTransitive",
        "requested": "[7.1.1, )",
        "resolved": "7.1.1",
        "contentHash": "IgzfEVFCVsO2LtMmAR6fAxEsCTJlqJtXGELLFBynGs6mlZwL/u2c+o3UXpQ7Yrc3+57eurKNSRfIKvaYBtccBA=="
      }
    }
  }
}