{
  "version": 2,
  "dependencies": {
    "net10.0-ios26.2": {
      "Avalonia.iOS": {
        "type": "Direct",
        "requested": "[12.0.1, )",
        "resolved": "12.0.1",
        "contentHash": "goFKv3CXcLARJFRUsmpqza7rXyl2uHsAVr/Ah2bHB26kvBeyg2O3w2W+LEnNyHSj4SC9CpmVpLUub3OAdu2Kpg==",
        "dependencies": {
          "Avalonia": "12.0.1",
          "Avalonia.HarfBuzz": "12.0.1",
          "Avalonia.Skia": "12.0.1"
        }
      },
      "Microsoft.NET.ILLink.Tasks": {
        "type": "Direct",
        "requested": "[10.0.5, )",
        "resolved": "10.0.5",
        "contentHash": "A+5ZuQ0f449tM+MQrhf6R9ZX7lYpjk/ODEwLYKrnF6111rtARx8fVsm4YznUnQiKnnXfaXNBqgxmil6RW3L3SA=="
      },
      "Microsoft.SourceLink.GitHub": {
        "type": "Direct",
        "requested": "[11.0.100-preview.3.26207.106, )",
        "resolved": "11.0.100-preview.3.26207.106",
        "contentHash": "LyKn4JSQMroEkguwffHtnaJcawz7+1dkFKX0ZDnavU1EBegp9WrF/3Zv0s5OHoKQox+j7rbjprNtvwvGZW1Aow==",
        "dependencies": {
          "Microsoft.Build.Tasks.Git": "11.0.100-preview.3.26207.106",
          "Microsoft.SourceLink.Common": "11.0.100-preview.3.26207.106",
          "System.IO.Hashing": "11.0.0-preview.3.26207.106"
        }
      },
      "Avalonia.BuildServices": {
        "type": "Transitive",
        "resolved": "11.3.2",
        "contentHash": "qHDToxto1e3hci5YqbG9n0Ty8mlp3zBUN5wT66wKqaDVzXyQ0do3EnRILd4Ke9jpvsktaPpgE0YjEk7hornryQ=="
      },
      "Avalonia.Remote.Protocol": {
        "type": "Transitive",
        "resolved": "12.0.1",
        "contentHash": "8rqhNyde2I/JiW2TjQ8AkUoRclynr0e8yFXKB8VhehA07ejthx4Bnmt3k1DTSlpwTXbM0FRgYAtB1bTlUc6rgg=="
      },
      "Avalonia.Skia": {
        "type": "Transitive",
        "resolved": "12.0.1",
        "contentHash": "T850YAUgHpkRX4d3RkfH1ewabA2aLTgdGK+f4hyqeGhZlJYmMs6YjVps266wvr+MggAVUCZ601OLQd9KVfJb6g==",
        "dependencies": {
          "Avalonia": "12.0.1",
          "HarfBuzzSharp": "8.3.1.3",
          "HarfBuzzSharp.NativeAssets.Linux": "8.3.1.3",
          "HarfBuzzSharp.NativeAssets.WebAssembly": "8.3.1.3",
          "SkiaSharp": "3.119.3-preview.1.1",
          "SkiaSharp.NativeAssets.Linux": "3.119.3-preview.1.1",
          "SkiaSharp.NativeAssets.WebAssembly": "3.119.3-preview.1.1"
        }
      },
      "HarfBuzzSharp": {
        "type": "Transitive",
        "resolved": "8.3.1.3",
        "contentHash": "NGZ2+ZVNPM+NdHB/asW0/ykWngyHWwcqjrbN2nDeH1B/aptPGlCUl8wkQ2cSJxw5fdWgdmIPmNuTPWpLwNVXWg==",
        "dependencies": {
          "HarfBuzzSharp.NativeAssets.iOS": "8.3.1.3"
        }
      },
      "HarfBuzzSharp.NativeAssets.iOS": {
        "type": "Transitive",
        "resolved": "8.3.1.3",
        "contentHash": "Qc81kED8LkoY4NrkIemcpezOviUNKo+Ehf1DPRVm4gFCKoPznw+GnZC0jHoRaJvc53hybXwsvwH9iFMA32bPtQ=="
      },
      "HarfBuzzSharp.NativeAssets.Linux": {
        "type": "Transitive",
        "resolved": "8.3.1.3",
        "contentHash": "RI6A1LgmooU30+4QIyFt5rmBCzP0VzTR+587IJSGvYIsHHWlahFufihYxtraLfsIhW7I8dn6+xX+DZGygOPKWQ=="
      },
      "HarfBuzzSharp.NativeAssets.WebAssembly": {
        "type": "Transitive",
        "resolved": "8.3.1.3",
        "contentHash": "w2QfdNm9Uz/sUa0B5D+OnVQhyq3G/fBq6ibQMdWBlQqqwh0g0/5j3RFvYqZAmRZ5+RzvjVe8o8SFFnWYUSkuxA=="
      },
      "MicroCom.Runtime": {
        "type": "Transitive",
        "resolved": "0.11.4",
        "contentHash": "yZ8+Lgwo+KtRI29TB2mIOEMzV+csMJ+pKZg4YHReAP3vRewWLKKeYfrBDo5FS69rWnEbCfU3sbM+ZEQr+GDLtg=="
      },
      "Microsoft.Build.Tasks.Git": {
        "type": "Transitive",
        "resolved": "11.0.100-preview.3.26207.106",
        "contentHash": "NzuR1QNCHfro+w9GWVYJMdDMSEnPglS72aXtzSPtFUXP9yCoz4ggM4hzNNfVvzLGjXj4A7TnSHkT3bNA7NkaKg==",
        "dependencies": {
          "System.IO.Hashing": "11.0.0-preview.3.26207.106"
        }
      },
      "Microsoft.SourceLink.Common": {
        "type": "Transitive",
        "resolved": "11.0.100-preview.3.26207.106",
        "contentHash": "4dwDpSUb9YKZ6dSEj59qJtdP2K+R4ejFULEKNBL5OqqAGxkWAp/23kN485GfmdvJ3UaQq31T5v/rgTxVnOXycA=="
      },
      "SkiaSharp": {
        "type": "Transitive",
        "resolved": "3.119.3-preview.1.1",
        "contentHash": "+3ndwD845G4jfuyhtg5rrjryh2mEOr2QfAPFtncvAsRLzGX0ferSJ0223av6Sbw9zsEL6Wk0sk/DrXtEpJoo5A==",
        "dependencies": {
          "SkiaSharp.NativeAssets.iOS": "3.119.3-preview.1.1"
        }
      },
      "SkiaSharp.NativeAssets.iOS": {
        "type": "Transitive",
        "resolved": "3.119.3-preview.1.1",
        "contentHash": "lDfO8YwshaYV43cUWcUFcnzGQSNKMTHm3vtCO94vqTh+7ZuQ3LD36U9dKSlP3Vs3katCDaohLcUiHckfiZ07oA=="
      },
      "SkiaSharp.NativeAssets.Linux": {
        "type": "Transitive",
        "resolved": "3.119.3-preview.1.1",
        "contentHash": "ZvpglyfQzhVIUmnPGngliPYcg6ROJNs0BV7XwJ+kktdqY0qe8jifP+UUgaMqTlOTjvuvyCbV7AI4qIBUfRe3Vw=="
      },
      "SkiaSharp.NativeAssets.WebAssembly": {
        "type": "Transitive",
        "resolved": "3.119.3-preview.1.1",
        "contentHash": "Gzvr/fcJZODWNoLVBAIiM8NKudvZ9yL6WHb87fk7iadio9BWQR7GS0fUvWvE3kYaRAAutsjPdGAnkDR0ujlVDw=="
      },
      "System.Diagnostics.DiagnosticSource": {
        "type": "Transitive",
        "resolved": "11.0.0-preview.3.26207.106",
        "contentHash": "h9vvbLpuDtlv+joZ0gr2tCBqJATWc5Yp2sjJ719xY/59PxuLs+GSyeJc6H1mi+uTwL/FKz3/Glx89y2Q1ecGwg=="
      },
      "System.IO.Hashing": {
        "type": "Transitive",
        "resolved": "11.0.0-preview.3.26207.106",
        "contentHash": "SDNSzpfSLNZXetvp8vb3nP5PqeOx3FGrPoVSUAk+scC1ydsm0UNKCktZupwEN8PN1DNnWOTGdi4+3zGyf3kHAg=="
      },
      "agibuild.fulora.adapters.abstractions": {
        "type": "Project",
        "dependencies": {
          "Agibuild.Fulora.Core": "[1.6.6-local, )"
        }
      },
      "agibuild.fulora.adapters.ios": {
        "type": "Project",
        "dependencies": {
          "Agibuild.Fulora.Adapters.Abstractions": "[1.6.6-local, )",
          "Agibuild.Fulora.Core": "[1.6.6-local, )"
        }
      },
      "agibuild.fulora.avalonia": {
        "type": "Project",
        "dependencies": {
          "Avalonia": "[12.0.1, )",
          "Microsoft.Extensions.Logging.Abstractions": "[11.0.0-preview.3.26207.106, )",
          "Microsoft.Web.WebView2": "[1.0.3856.49, )",
          "SharpHook": "[7.1.1, )"
        }
      },
      "agibuild.fulora.core": {
        "type": "Project"
      },
      "agibuild.fulora.integration.tests": {
        "type": "Project",
        "dependencies": {
          "Agibuild.Fulora.Adapters.Abstractions": "[1.6.6-local, )",
          "Agibuild.Fulora.Avalonia": "[1.6.6-local, )",
          "Agibuild.Fulora.Core": "[1.6.6-local, )",
          "Agibuild.Fulora.Runtime": "[1.6.6-local, )",
          "Agibuild.Fulora.Testing": "[1.6.6-local, )",
          "Avalonia": "[12.0.1, )",
          "Avalonia.Fonts.Inter": "[12.0.1, )",
          "Avalonia.Themes.Fluent": "[12.0.1, )",
          "CommunityToolkit.Mvvm": "[8.4.0, )",
          "Serilog": "[4.3.2-dev-02419, )",
          "Serilog.Sinks.File": "[8.0.0-nblumhardt-02322, )"
        }
      },
      "agibuild.fulora.runtime": {
        "type": "Project",
        "dependencies": {
          "Agibuild.Fulora.Adapters.Abstractions": "[1.6.6-local, )",
          "Agibuild.Fulora.Core": "[1.6.6-local, )",
          "Microsoft.Extensions.Logging.Abstractions": "[11.0.0-preview.3.26207.106, )"
        }
      },
      "agibuild.fulora.testing": {
        "type": "Project",
        "dependencies": {
          "Agibuild.Fulora.Adapters.Abstractions": "[1.6.6-local, )",
          "Agibuild.Fulora.Core": "[1.6.6-local, )",
          "Agibuild.Fulora.Runtime": "[1.6.6-local, )"
        }
      },
      "Avalonia": {
        "type": "CentralTransitive",
        "requested": "[12.0.1, )",
        "resolved": "12.0.1",
        "contentHash": "4OK0u9EdD3ukqA3qTwwTQ7MnRMj+gzBgm/KmpbYRdRTd94OzcioTRnHrc5PJo94SfMEYKq2rfpO3nq9Jddet+w==",
        "dependencies": {
          "Avalonia.BuildServices": "11.3.2",
          "Avalonia.Remote.Protocol": "12.0.1",
          "MicroCom.Runtime": "0.11.4"
        }
      },
      "Avalonia.Fonts.Inter": {
        "type": "CentralTransitive",
        "requested": "[12.0.1, )",
        "resolved": "12.0.1",
        "contentHash": "Pm7Xb9fMpjM4i1cpUGtpDtxkMC/oVfijaT93cPl30LPUKPYPbpwm1jkrYwtWLtEr/xTgbUmxyZZvJd0cV9oF8g==",
        "dependencies": {
          "Avalonia": "12.0.1"
        }
      },
      "Avalonia.HarfBuzz": {
        "type": "CentralTransitive",
        "requested": "[12.0.1, )",
        "resolved": "12.0.1",
        "contentHash": "17A+VIAeIGsYqZSK/ydYzZbbzatBDj2Ls8aF/ZVo6OdeN5W+J9eAQGhS1wPw/GIkGuOkRPBSVwicFXIFCDf/kA==",
        "dependencies": {
          "Avalonia": "12.0.1",
          "HarfBuzzSharp": "8.3.1.3",
          "HarfBuzzSharp.NativeAssets.Linux": "8.3.1.3",
          "HarfBuzzSharp.NativeAssets.WebAssembly": "8.3.1.3"
        }
      },
      "Avalonia.Themes.Fluent": {
        "type": "CentralTransitive",
        "requested": "[12.0.1, )",
        "resolved": "12.0.1",
        "contentHash": "/vfTVnz0mZR91cDQn5dHKzngLV0OfCZ0i/uT01uxKu6jqyaPbRwpO68d07N0d6ll6hnvdfySfP4lDY7JWtqr4A==",
        "dependencies": {
          "Avalonia": "12.0.1"
        }
      },
      "CommunityToolkit.Mvvm": {
        "type": "CentralTransitive",
        "requested": "[8.4.0, )",
        "resolved": "8.4.0",
        "contentHash": "tqVU8yc/ADO9oiTRyTnwhFN68hCwvkliMierptWOudIAvWY1mWCh5VFh+guwHJmpMwfg0J0rY+yyd5Oy7ty9Uw=="
      },
      "Microsoft.Extensions.DependencyInjection.Abstractions": {
        "type": "CentralTransitive",
        "requested": "[11.0.0-preview.3.26207.106, )",
        "resolved": "11.0.0-preview.3.26207.106",
        "contentHash": "+gJnv1/kfXLXPv21R3iluhKqfXdf2zPWUaHBiSvlJurThv2D5HRUfU5z5SpmBII4I0JSpuprX9DlHrKz/1wCXA=="
      },
      "Microsoft.Extensions.Logging.Abstractions": {
        "type": "CentralTransitive",
        "requested": "[11.0.0-preview.3.26207.106, )",
        "resolved": "11.0.0-preview.3.26207.106",
        "contentHash": "0LktkD4eySHjlglnee7jt/I3KPea+MPIxLTYBacH1P/iluOCl7VVKwpG/bciZMkyaNnfslY2E70t6nfvjq51vA==",
        "dependencies": {
          "Microsoft.Extensions.DependencyInjection.Abstractions": "11.0.0-preview.3.26207.106",
          "System.Diagnostics.DiagnosticSource": "11.0.0-preview.3.26207.106"
        }
      },
      "Microsoft.Web.WebView2": {
        "type": "CentralTransitive",
        "requested": "[1.0.3856.49, )",
        "resolved": "1.0.3856.49",
        "contentHash": "OOBKvFgK0pUKcndvTK6/jUsbrPRwce62Wt/0hkJWDsK2AcsJ2ylOS/mLa4xAcNUTOs96YIjpPN4AHMADXJcrgQ=="
      },
      "Serilog": {
        "type": "CentralTransitive",
        "requested": "[4.3.2-dev-02419, )",
        "resolved": "4.3.2-dev-02419",
        "contentHash": "W8VlLVjPbjbkr4r88cr8FfkVzvaiguxFK8w2vczUMnSB74pK45g+SRjD5urq/x6gKvGICnv+NVvLP0Q89OdFQw=="
      },
      "Serilog.Sinks.File": {
        "type": "CentralTransitive",
        "requested": "[8.0.0-nblumhardt-02322, )",
        "resolved": "8.0.0-nblumhardt-02322",
        "contentHash": "EA6O7RwYBl52t/SDul6itYPla3wSSm6F+XLGtSiHiqjYlmWH6YGhXL92/FHWhzQglRmXhbgFDK0m9RFKW110/w==",
        "dependencies": {
          "Serilog": "4.2.0"
        }
      },
      "SharpHook": {
        "type": "CentralTransitive",
        "requested": "[7.1.1, )",
        "resolved": "7.1.1",
        "contentHash": "IgzfEVFCVsO2LtMmAR6fAxEsCTJlqJtXGELLFBynGs6mlZwL/u2c+o3UXpQ7Yrc3+57eurKNSRfIKvaYBtccBA=="
      }
    },
    "net10.0-ios26.2/iossimulator-arm64": {
      "HarfBuzzSharp.NativeAssets.iOS": {
        "type": "Transitive",
        "resolved": "8.3.1.3",
        "contentHash": "Qc81kED8LkoY4NrkIemcpezOviUNKo+Ehf1DPRVm4gFCKoPznw+GnZC0jHoRaJvc53hybXwsvwH9iFMA32bPtQ=="
      },
      "HarfBuzzSharp.NativeAssets.Linux": {
        "type": "Transitive",
        "resolved": "8.3.1.3",
        "contentHash": "RI6A1LgmooU30+4QIyFt5rmBCzP0VzTR+587IJSGvYIsHHWlahFufihYxtraLfsIhW7I8dn6+xX+DZGygOPKWQ=="
      },
      "SkiaSharp.NativeAssets.iOS": {
        "type": "Transitive",
        "resolved": "3.119.3-preview.1.1",
        "contentHash": "lDfO8YwshaYV43cUWcUFcnzGQSNKMTHm3vtCO94vqTh+7ZuQ3LD36U9dKSlP3Vs3katCDaohLcUiHckfiZ07oA=="
      },
      "SkiaSharp.NativeAssets.Linux": {
        "type": "Transitive",
        "resolved": "3.119.3-preview.1.1",
        "contentHash": "ZvpglyfQzhVIUmnPGngliPYcg6ROJNs0BV7XwJ+kktdqY0qe8jifP+UUgaMqTlOTjvuvyCbV7AI4qIBUfRe3Vw=="
      },
      "Microsoft.Web.WebView2": {
        "type": "CentralTransitive",
        "requested": "[1.0.3856.49, )",
        "resolved": "1.0.3856.49",
        "contentHash": "OOBKvFgK0pUKcndvTK6/jUsbrPRwce62Wt/0hkJWDsK2AcsJ2ylOS/mLa4xAcNUTOs96YIjpPN4AHMADXJcrgQ=="
      },
      "SharpHook": {
        "type": "CentralTransitive",
        "requested": "[7.1.1, )",
        "resolved": "7.1.1",
        "contentHash": "IgzfEVFCVsO2LtMmAR6fAxEsCTJlqJtXGELLFBynGs6mlZwL/u2c+o3UXpQ7Yrc3+57eurKNSRfIKvaYBtccBA=="
      }
    }
  }
}