{
  "version": 2,
  "dependencies": {
    "net10.0-android1.0": {
      "Microsoft.SourceLink.GitHub": {
        "type": "Direct",
        "requested": "[11.0.100-preview.3.26207.106, )",
        "resolved": "11.0.100-preview.3.26207.106",
        "contentHash": "LyKn4JSQMroEkguwffHtnaJcawz7+1dkFKX0ZDnavU1EBegp9WrF/3Zv0s5OHoKQox+j7rbjprNtvwvGZW1Aow==",
        "dependencies": {
          "Microsoft.Build.Tasks.Git": "11.0.100-preview.3.26207.106",
          "Microsoft.SourceLink.Common": "11.0.100-preview.3.26207.106",
          "System.IO.Hashing": "11.0.0-preview.3.26207.106"
        }
      },
      "Xamarin.AndroidX.Activity": {
        "type": "Direct",
        "requested": "[1.12.4.1, )",
        "resolved": "1.12.4.1",
        "contentHash": "XvPeFfCBOL/l7GDuM9EwpoooB163TSiztwx/nKaH4ghDn4EBVL6zBQc2S7R4uTWEjOARCyOtsqIaN2bc9NjBBQ=="
      },
      "Xamarin.AndroidX.Compose.Runtime.Annotation.Jvm": {
        "type": "Direct",
        "requested": "[1.10.4.1, )",
        "resolved": "1.10.4.1",
        "contentHash": "oblTLLTUuUhjKu3lQtQv4lRQ8y7jp4KnaM21xTa+M6jZxIU2FS2G5My+ULWndh9wxsMM9m9co/mDvyByGCVBAQ=="
      },
      "Microsoft.Build.Tasks.Git": {
        "type": "Transitive",
        "resolved": "11.0.100-preview.3.26207.106",
        "contentHash": "NzuR1QNCHfro+w9GWVYJMdDMSEnPglS72aXtzSPtFUXP9yCoz4ggM4hzNNfVvzLGjXj4A7TnSHkT3bNA7NkaKg==",
        "dependencies": {
          "System.IO.Hashing": "11.0.0-preview.3.26207.106"
        }
      },
      "Microsoft.SourceLink.Common": {
        "type": "Transitive",
        "resolved": "11.0.100-preview.3.26207.106",
        "contentHash": "4dwDpSUb9YKZ6dSEj59qJtdP2K+R4ejFULEKNBL5OqqAGxkWAp/23kN485GfmdvJ3UaQq31T5v/rgTxVnOXycA=="
      },
      "System.IO.Hashing": {
        "type": "Transitive",
        "resolved": "11.0.0-preview.3.26207.106",
        "contentHash": "SDNSzpfSLNZXetvp8vb3nP5PqeOx3FGrPoVSUAk+scC1ydsm0UNKCktZupwEN8PN1DNnWOTGdi4+3zGyf3kHAg=="
      },
      "agibuild.fulora.adapters.abstractions": {
        "type": "Project",
        "dependencies": {
          "Agibuild.Fulora.Core": "[1.6.0-local, )"
        }
      },
      "agibuild.fulora.core": {
        "type": "Project"
      }
    }
  }
}