{
  "version": 2,
  "dependencies": {
    "net10.0": {
      "Microsoft.Extensions.Logging.Abstractions": {
        "type": "Direct",
        "requested": "[11.0.0-preview.3.26207.106, )",
        "resolved": "11.0.0-preview.3.26207.106",
        "contentHash": "0LktkD4eySHjlglnee7jt/I3KPea+MPIxLTYBacH1P/iluOCl7VVKwpG/bciZMkyaNnfslY2E70t6nfvjq51vA==",
        "dependencies": {
          "Microsoft.Extensions.DependencyInjection.Abstractions": "11.0.0-preview.3.26207.106",
          "System.Diagnostics.DiagnosticSource": "11.0.0-preview.3.26207.106"
        }
      },
      "Microsoft.SourceLink.GitHub": {
        "type": "Direct",
        "requested": "[11.0.100-preview.3.26207.106, )",
        "resolved": "11.0.100-preview.3.26207.106",
        "contentHash": "LyKn4JSQMroEkguwffHtnaJcawz7+1dkFKX0ZDnavU1EBegp9WrF/3Zv0s5OHoKQox+j7rbjprNtvwvGZW1Aow==",
        "dependencies": {
          "Microsoft.Build.Tasks.Git": "11.0.100-preview.3.26207.106",
          "Microsoft.SourceLink.Common": "11.0.100-preview.3.26207.106",
          "System.IO.Hashing": "11.0.0-preview.3.26207.106"
        }
      },
      "Microsoft.Build.Tasks.Git": {
        "type": "Transitive",
        "resolved": "11.0.100-preview.3.26207.106",
        "contentHash": "NzuR1QNCHfro+w9GWVYJMdDMSEnPglS72aXtzSPtFUXP9yCoz4ggM4hzNNfVvzLGjXj4A7TnSHkT3bNA7NkaKg==",
        "dependencies": {
          "System.IO.Hashing": "11.0.0-preview.3.26207.106"
        }
      },
      "Microsoft.SourceLink.Common": {
        "type": "Transitive",
        "resolved": "11.0.100-preview.3.26207.106",
        "contentHash": "4dwDpSUb9YKZ6dSEj59qJtdP2K+R4ejFULEKNBL5OqqAGxkWAp/23kN485GfmdvJ3UaQq31T5v/rgTxVnOXycA=="
      },
      "System.Diagnostics.DiagnosticSource": {
        "type": "Transitive",
        "resolved": "11.0.0-preview.3.26207.106",
        "contentHash": "h9vvbLpuDtlv+joZ0gr2tCBqJATWc5Yp2sjJ719xY/59PxuLs+GSyeJc6H1mi+uTwL/FKz3/Glx89y2Q1ecGwg=="
      },
      "System.IO.Hashing": {
        "type": "Transitive",
        "resolved": "11.0.0-preview.3.26207.106",
        "contentHash": "SDNSzpfSLNZXetvp8vb3nP5PqeOx3FGrPoVSUAk+scC1ydsm0UNKCktZupwEN8PN1DNnWOTGdi4+3zGyf3kHAg=="
      },
      "agibuild.fulora.adapters.abstractions": {
        "type": "Project",
        "dependencies": {
          "Agibuild.Fulora.Core": "[1.6.6-local, )"
        }
      },
      "agibuild.fulora.core": {
        "type": "Project"
      },
      "Microsoft.Extensions.DependencyInjection.Abstractions": {
        "type": "CentralTransitive",
        "requested": "[11.0.0-preview.3.26207.106, )",
        "resolved": "11.0.0-preview.3.26207.106",
        "contentHash": "+gJnv1/kfXLXPv21R3iluhKqfXdf2zPWUaHBiSvlJurThv2D5HRUfU5z5SpmBII4I0JSpuprX9DlHrKz/1wCXA=="
      }
    }
  }
}