{
  "version": 2,
  "dependencies": {
    "net10.0": {
      "Agibuild.Fulora.Bridge.Generator": {
        "type": "Direct",
        "requested": "[*-*, )",
        "resolved": "1.5.3",
        "contentHash": "21I9J162BPzgpSZ1g4MHwcheLmEiLBFOX8aRAcaPZLAOUeJDonVv+uZRIJERdfuT74Tqouc0uegmxxGw7OS1nw=="
      },
      "Agibuild.Fulora.Core": {
        "type": "Direct",
        "requested": "[*-*, )",
        "resolved": "1.5.3",
        "contentHash": "DMugbFZ9ndgcn1SZtEG5H63vj8h2QL3OG1F2zMdamAwKyXdlFZ+d27+1q3O2GLyHNtVUsAWCwR5hJwbM5nD8hA=="
      },
      "Microsoft.SourceLink.GitHub": {
        "type": "Direct",
        "requested": "[10.0.102, )",
        "resolved": "10.0.102",
        "contentHash": "Oxq3RCIJSdtpIU4hLqO7XaDe/Ra3HS9Wi8rJl838SAg6Zu1iQjerA0+xXWBgUFYbgknUGCLOU0T+lzMLkvY9Qg==",
        "dependencies": {
          "Microsoft.Build.Tasks.Git": "10.0.102",
          "Microsoft.SourceLink.Common": "10.0.102"
        }
      },
      "Microsoft.Build.Tasks.Git": {
        "type": "Transitive",
        "resolved": "10.0.102",
        "contentHash": "0i81LYX31U6UiXz4NOLbvc++u+/mVDmOt+PskrM/MygpDxkv9THKQyRUmavBpLK6iBV0abNWnn+CQgSRz//Pwg=="
      },
      "Microsoft.SourceLink.Common": {
        "type": "Transitive",
        "resolved": "10.0.102",
        "contentHash": "Mk1IMb9q5tahC2NltxYXFkLBtuBvfBoCQ3pIxYQWfzbCE9o1OB9SsHe0hnNGo7lWgTA/ePbFAJLWu6nLL9K17A=="
      }
    }
  }
}